PODS:
  - SDWebImage (5.15.3):
    - SDWebImage/Core (= 5.15.3)
  - SDWebImage/Core (5.15.3)

DEPENDENCIES:
  - SDWebImage

SPEC REPOS:
  trunk:
    - SDWebImage

SPEC CHECKSUMS:
  SDWebImage: 302d4e14efff86b36b5f36d1bf891b635436d071

PODFILE CHECKSUM: 6dd0fc247f9a4f25a6cf71d236ee3e7b834f2a9e

COCOAPODS: 1.11.3
