// !$*UTF8*$!
{
	archiveVersion = 1;
	classes = {
	};
	objectVersion = 56;
	objects = {

/* Begin PBXBuildFile section */
		6821BBF329A380C900807C50 /* AppDelegate.swift in Sources */ = {isa = PBXBuildFile; fileRef = 6821BBF229A380C900807C50 /* AppDelegate.swift */; };
		6821BBF529A380C900807C50 /* SceneDelegate.swift in Sources */ = {isa = PBXBuildFile; fileRef = 6821BBF429A380C900807C50 /* SceneDelegate.swift */; };
		6821BBF729A380C900807C50 /* ViewController.swift in Sources */ = {isa = PBXBuildFile; fileRef = 6821BBF629A380C900807C50 /* ViewController.swift */; };
		6821BBFA29A380C900807C50 /* Main.storyboard in Resources */ = {isa = PBXBuildFile; fileRef = 6821BBF829A380C900807C50 /* Main.storyboard */; };
		6821BBFC29A380CB00807C50 /* Assets.xcassets in Resources */ = {isa = PBXBuildFile; fileRef = 6821BBFB29A380CB00807C50 /* Assets.xcassets */; };
		6821BBFF29A380CB00807C50 /* LaunchScreen.storyboard in Resources */ = {isa = PBXBuildFile; fileRef = 6821BBFD29A380CB00807C50 /* LaunchScreen.storyboard */; };
		6821BC0729A3839F00807C50 /* ASTabBarController.swift in Sources */ = {isa = PBXBuildFile; fileRef = 6821BC0629A3839F00807C50 /* ASTabBarController.swift */; };
		6821BC0929A3868F00807C50 /* ASTodayVC.swift in Sources */ = {isa = PBXBuildFile; fileRef = 6821BC0829A3868F00807C50 /* ASTodayVC.swift */; };
		6821BC0B29A3869900807C50 /* ASAppsVC.swift in Sources */ = {isa = PBXBuildFile; fileRef = 6821BC0A29A3869900807C50 /* ASAppsVC.swift */; };
		6821BC0D29A386A300807C50 /* ASSearchVC.swift in Sources */ = {isa = PBXBuildFile; fileRef = 6821BC0C29A386A300807C50 /* ASSearchVC.swift */; };
		6821BC1129A39B5800807C50 /* SearchResutlCell.swift in Sources */ = {isa = PBXBuildFile; fileRef = 6821BC1029A39B5800807C50 /* SearchResutlCell.swift */; };
		6821BC1429A39DDA00807C50 /* VerticalStackView.swift in Sources */ = {isa = PBXBuildFile; fileRef = 6821BC1329A39DDA00807C50 /* VerticalStackView.swift */; };
		6821BC1629A3A6C200807C50 /* UIView+Layout.swift in Sources */ = {isa = PBXBuildFile; fileRef = 6821BC1529A3A6C200807C50 /* UIView+Layout.swift */; };
/* End PBXBuildFile section */

/* Begin PBXFileReference section */
		6821BBEF29A380C900807C50 /* AppStore.app */ = {isa = PBXFileReference; explicitFileType = wrapper.application; includeInIndex = 0; path = AppStore.app; sourceTree = BUILT_PRODUCTS_DIR; };
		6821BBF229A380C900807C50 /* AppDelegate.swift */ = {isa = PBXFileReference; lastKnownFileType = sourcecode.swift; path = AppDelegate.swift; sourceTree = "<group>"; };
		6821BBF429A380C900807C50 /* SceneDelegate.swift */ = {isa = PBXFileReference; lastKnownFileType = sourcecode.swift; path = SceneDelegate.swift; sourceTree = "<group>"; };
		6821BBF629A380C900807C50 /* ViewController.swift */ = {isa = PBXFileReference; lastKnownFileType = sourcecode.swift; path = ViewController.swift; sourceTree = "<group>"; };
		6821BBF929A380C900807C50 /* Base */ = {isa = PBXFileReference; lastKnownFileType = file.storyboard; name = Base; path = Base.lproj/Main.storyboard; sourceTree = "<group>"; };
		6821BBFB29A380CB00807C50 /* Assets.xcassets */ = {isa = PBXFileReference; lastKnownFileType = folder.assetcatalog; path = Assets.xcassets; sourceTree = "<group>"; };
		6821BBFE29A380CB00807C50 /* Base */ = {isa = PBXFileReference; lastKnownFileType = file.storyboard; name = Base; path = Base.lproj/LaunchScreen.storyboard; sourceTree = "<group>"; };
		6821BC0029A380CB00807C50 /* Info.plist */ = {isa = PBXFileReference; lastKnownFileType = text.plist.xml; path = Info.plist; sourceTree = "<group>"; };
		6821BC0629A3839F00807C50 /* ASTabBarController.swift */ = {isa = PBXFileReference; lastKnownFileType = sourcecode.swift; path = ASTabBarController.swift; sourceTree = "<group>"; };
		6821BC0829A3868F00807C50 /* ASTodayVC.swift */ = {isa = PBXFileReference; lastKnownFileType = sourcecode.swift; path = ASTodayVC.swift; sourceTree = "<group>"; };
		6821BC0A29A3869900807C50 /* ASAppsVC.swift */ = {isa = PBXFileReference; lastKnownFileType = sourcecode.swift; path = ASAppsVC.swift; sourceTree = "<group>"; };
		6821BC0C29A386A300807C50 /* ASSearchVC.swift */ = {isa = PBXFileReference; lastKnownFileType = sourcecode.swift; path = ASSearchVC.swift; sourceTree = "<group>"; };
		6821BC1029A39B5800807C50 /* SearchResutlCell.swift */ = {isa = PBXFileReference; lastKnownFileType = sourcecode.swift; path = SearchResutlCell.swift; sourceTree = "<group>"; };
		6821BC1329A39DDA00807C50 /* VerticalStackView.swift */ = {isa = PBXFileReference; lastKnownFileType = sourcecode.swift; path = VerticalStackView.swift; sourceTree = "<group>"; };
		6821BC1529A3A6C200807C50 /* UIView+Layout.swift */ = {isa = PBXFileReference; lastKnownFileType = sourcecode.swift; path = "UIView+Layout.swift"; sourceTree = "<group>"; };
/* End PBXFileReference section */

/* Begin PBXFrameworksBuildPhase section */
		6821BBEC29A380C900807C50 /* Frameworks */ = {
			isa = PBXFrameworksBuildPhase;
			buildActionMask = 2147483647;
			files = (
			);
			runOnlyForDeploymentPostprocessing = 0;
		};
/* End PBXFrameworksBuildPhase section */

/* Begin PBXGroup section */
		6821BBE629A380C900807C50 = {
			isa = PBXGroup;
			children = (
				6821BBF129A380C900807C50 /* AppStore */,
				6821BBF029A380C900807C50 /* Products */,
			);
			sourceTree = "<group>";
		};
		6821BBF029A380C900807C50 /* Products */ = {
			isa = PBXGroup;
			children = (
				6821BBEF29A380C900807C50 /* AppStore.app */,
			);
			name = Products;
			sourceTree = "<group>";
		};
		6821BBF129A380C900807C50 /* AppStore */ = {
			isa = PBXGroup;
			children = (
				6821BC1229A39DB400807C50 /* Helpers */,
				6821BC0F29A39B0E00807C50 /* Views */,
				6821BBF229A380C900807C50 /* AppDelegate.swift */,
				6821BBF429A380C900807C50 /* SceneDelegate.swift */,
				6821BBF629A380C900807C50 /* ViewController.swift */,
				6821BC0E29A39B0000807C50 /* Controllers */,
				6821BBF829A380C900807C50 /* Main.storyboard */,
				6821BBFB29A380CB00807C50 /* Assets.xcassets */,
				6821BBFD29A380CB00807C50 /* LaunchScreen.storyboard */,
				6821BC0029A380CB00807C50 /* Info.plist */,
			);
			path = AppStore;
			sourceTree = "<group>";
		};
		6821BC0E29A39B0000807C50 /* Controllers */ = {
			isa = PBXGroup;
			children = (
				6821BC0629A3839F00807C50 /* ASTabBarController.swift */,
				6821BC0829A3868F00807C50 /* ASTodayVC.swift */,
				6821BC0A29A3869900807C50 /* ASAppsVC.swift */,
				6821BC0C29A386A300807C50 /* ASSearchVC.swift */,
			);
			path = Controllers;
			sourceTree = "<group>";
		};
		6821BC0F29A39B0E00807C50 /* Views */ = {
			isa = PBXGroup;
			children = (
				6821BC1029A39B5800807C50 /* SearchResutlCell.swift */,
			);
			path = Views;
			sourceTree = "<group>";
		};
		6821BC1229A39DB400807C50 /* Helpers */ = {
			isa = PBXGroup;
			children = (
				6821BC1329A39DDA00807C50 /* VerticalStackView.swift */,
				6821BC1529A3A6C200807C50 /* UIView+Layout.swift */,
			);
			path = Helpers;
			sourceTree = "<group>";
		};
/* End PBXGroup section */

/* Begin PBXNativeTarget section */
		6821BBEE29A380C900807C50 /* AppStore */ = {
			isa = PBXNativeTarget;
			buildConfigurationList = 6821BC0329A380CB00807C50 /* Build configuration list for PBXNativeTarget "AppStore" */;
			buildPhases = (
				6821BBEB29A380C900807C50 /* Sources */,
				6821BBEC29A380C900807C50 /* Frameworks */,
				6821BBED29A380C900807C50 /* Resources */,
			);
			buildRules = (
			);
			dependencies = (
			);
			name = AppStore;
			productName = AppStore;
			productReference = 6821BBEF29A380C900807C50 /* AppStore.app */;
			productType = "com.apple.product-type.application";
		};
/* End PBXNativeTarget section */

/* Begin PBXProject section */
		6821BBE729A380C900807C50 /* Project object */ = {
			isa = PBXProject;
			attributes = {
				BuildIndependentTargetsInParallel = 1;
				LastSwiftUpdateCheck = 1420;
				LastUpgradeCheck = 1420;
				TargetAttributes = {
					6821BBEE29A380C900807C50 = {
						CreatedOnToolsVersion = 14.2;
					};
				};
			};
			buildConfigurationList = 6821BBEA29A380C900807C50 /* Build configuration list for PBXProject "AppStore" */;
			compatibilityVersion = "Xcode 14.0";
			developmentRegion = en;
			hasScannedForEncodings = 0;
			knownRegions = (
				en,
				Base,
			);
			mainGroup = 6821BBE629A380C900807C50;
			productRefGroup = 6821BBF029A380C900807C50 /* Products */;
			projectDirPath = "";
			projectRoot = "";
			targets = (
				6821BBEE29A380C900807C50 /* AppStore */,
			);
		};
/* End PBXProject section */

/* Begin PBXResourcesBuildPhase section */
		6821BBED29A380C900807C50 /* Resources */ = {
			isa = PBXResourcesBuildPhase;
			buildActionMask = 2147483647;
			files = (
				6821BBFF29A380CB00807C50 /* LaunchScreen.storyboard in Resources */,
				6821BBFC29A380CB00807C50 /* Assets.xcassets in Resources */,
				6821BBFA29A380C900807C50 /* Main.storyboard in Resources */,
			);
			runOnlyForDeploymentPostprocessing = 0;
		};
/* End PBXResourcesBuildPhase section */

/* Begin PBXSourcesBuildPhase section */
		6821BBEB29A380C900807C50 /* Sources */ = {
			isa = PBXSourcesBuildPhase;
			buildActionMask = 2147483647;
			files = (
				6821BBF729A380C900807C50 /* ViewController.swift in Sources */,
				6821BC1429A39DDA00807C50 /* VerticalStackView.swift in Sources */,
				6821BC0D29A386A300807C50 /* ASSearchVC.swift in Sources */,
				6821BC0729A3839F00807C50 /* ASTabBarController.swift in Sources */,
				6821BC1629A3A6C200807C50 /* UIView+Layout.swift in Sources */,
				6821BC0B29A3869900807C50 /* ASAppsVC.swift in Sources */,
				6821BC0929A3868F00807C50 /* ASTodayVC.swift in Sources */,
				6821BBF329A380C900807C50 /* AppDelegate.swift in Sources */,
				6821BC1129A39B5800807C50 /* SearchResutlCell.swift in Sources */,
				6821BBF529A380C900807C50 /* SceneDelegate.swift in Sources */,
			);
			runOnlyForDeploymentPostprocessing = 0;
		};
/* End PBXSourcesBuildPhase section */

/* Begin PBXVariantGroup section */
		6821BBF829A380C900807C50 /* Main.storyboard */ = {
			isa = PBXVariantGroup;
			children = (
				6821BBF929A380C900807C50 /* Base */,
			);
			name = Main.storyboard;
			sourceTree = "<group>";
		};
		6821BBFD29A380CB00807C50 /* LaunchScreen.storyboard */ = {
			isa = PBXVariantGroup;
			children = (
				6821BBFE29A380CB00807C50 /* Base */,
			);
			name = LaunchScreen.storyboard;
			sourceTree = "<group>";
		};
/* End PBXVariantGroup section */

/* Begin XCBuildConfiguration section */
		6821BC0129A380CB00807C50 /* Debug */ = {
			isa = XCBuildConfiguration;
			buildSettings = {
				ALWAYS_SEARCH_USER_PATHS = NO;
				CLANG_ANALYZER_NONNULL = YES;
				CLANG_ANALYZER_NUMBER_OBJECT_CONVERSION = YES_AGGRESSIVE;
				CLANG_CXX_LANGUAGE_STANDARD = "gnu++20";
				CLANG_ENABLE_MODULES = YES;
				CLANG_ENABLE_OBJC_ARC = YES;
				CLANG_ENABLE_OBJC_WEAK = YES;
				CLANG_WARN_BLOCK_CAPTURE_AUTORELEASING = YES;
				CLANG_WARN_BOOL_CONVERSION = YES;
				CLANG_WARN_COMMA = YES;
				CLANG_WARN_CONSTANT_CONVERSION = YES;
				CLANG_WARN_DEPRECATED_OBJC_IMPLEMENTATIONS = YES;
				CLANG_WARN_DIRECT_OBJC_ISA_USAGE = YES_ERROR;
				CLANG_WARN_DOCUMENTATION_COMMENTS = YES;
				CLANG_WARN_EMPTY_BODY = YES;
				CLANG_WARN_ENUM_CONVERSION = YES;
				CLANG_WARN_INFINITE_RECURSION = YES;
				CLANG_WARN_INT_CONVERSION = YES;
				CLANG_WARN_NON_LITERAL_NULL_CONVERSION = YES;
				CLANG_WARN_OBJC_IMPLICIT_RETAIN_SELF = YES;
				CLANG_WARN_OBJC_LITERAL_CONVERSION = YES;
				CLANG_WARN_OBJC_ROOT_CLASS = YES_ERROR;
				CLANG_WARN_QUOTED_INCLUDE_IN_FRAMEWORK_HEADER = YES;
				CLANG_WARN_RANGE_LOOP_ANALYSIS = YES;
				CLANG_WARN_STRICT_PROTOTYPES = YES;
				CLANG_WARN_SUSPICIOUS_MOVE = YES;
				CLANG_WARN_UNGUARDED_AVAILABILITY = YES_AGGRESSIVE;
				CLANG_WARN_UNREACHABLE_CODE = YES;
				CLANG_WARN__DUPLICATE_METHOD_MATCH = YES;
				COPY_PHASE_STRIP = NO;
				DEBUG_INFORMATION_FORMAT = dwarf;
				ENABLE_STRICT_OBJC_MSGSEND = YES;
				ENABLE_TESTABILITY = YES;
				GCC_C_LANGUAGE_STANDARD = gnu11;
				GCC_DYNAMIC_NO_PIC = NO;
				GCC_NO_COMMON_BLOCKS = YES;
				GCC_OPTIMIZATION_LEVEL = 0;
				GCC_PREPROCESSOR_DEFINITIONS = (
					"DEBUG=1",
					"$(inherited)",
				);
				GCC_WARN_64_TO_32_BIT_CONVERSION = YES;
				GCC_WARN_ABOUT_RETURN_TYPE = YES_ERROR;
				GCC_WARN_UNDECLARED_SELECTOR = YES;
				GCC_WARN_UNINITIALIZED_AUTOS = YES_AGGRESSIVE;
				GCC_WARN_UNUSED_FUNCTION = YES;
				GCC_WARN_UNUSED_VARIABLE = YES;
				IPHONEOS_DEPLOYMENT_TARGET = 16.2;
				MTL_ENABLE_DEBUG_INFO = INCLUDE_SOURCE;
				MTL_FAST_MATH = YES;
				ONLY_ACTIVE_ARCH = YES;
				SDKROOT = iphoneos;
				SWIFT_ACTIVE_COMPILATION_CONDITIONS = DEBUG;
				SWIFT_OPTIMIZATION_LEVEL = "-Onone";
			};
			name = Debug;
		};
		6821BC0229A380CB00807C50 /* Release */ = {
			isa = XCBuildConfiguration;
			buildSettings = {
				ALWAYS_SEARCH_USER_PATHS = NO;
				CLANG_ANALYZER_NONNULL = YES;
				CLANG_ANALYZER_NUMBER_OBJECT_CONVERSION = YES_AGGRESSIVE;
				CLANG_CXX_LANGUAGE_STANDARD = "gnu++20";
				CLANG_ENABLE_MODULES = YES;
				CLANG_ENABLE_OBJC_ARC = YES;
				CLANG_ENABLE_OBJC_WEAK = YES;
				CLANG_WARN_BLOCK_CAPTURE_AUTORELEASING = YES;
				CLANG_WARN_BOOL_CONVERSION = YES;
				CLANG_WARN_COMMA = YES;
				CLANG_WARN_CONSTANT_CONVERSION = YES;
				CLANG_WARN_DEPRECATED_OBJC_IMPLEMENTATIONS = YES;
				CLANG_WARN_DIRECT_OBJC_ISA_USAGE = YES_ERROR;
				CLANG_WARN_DOCUMENTATION_COMMENTS = YES;
				CLANG_WARN_EMPTY_BODY = YES;
				CLANG_WARN_ENUM_CONVERSION = YES;
				CLANG_WARN_INFINITE_RECURSION = YES;
				CLANG_WARN_INT_CONVERSION = YES;
				CLANG_WARN_NON_LITERAL_NULL_CONVERSION = YES;
				CLANG_WARN_OBJC_IMPLICIT_RETAIN_SELF = YES;
				CLANG_WARN_OBJC_LITERAL_CONVERSION = YES;
				CLANG_WARN_OBJC_ROOT_CLASS = YES_ERROR;
				CLANG_WARN_QUOTED_INCLUDE_IN_FRAMEWORK_HEADER = YES;
				CLANG_WARN_RANGE_LOOP_ANALYSIS = YES;
				CLANG_WARN_STRICT_PROTOTYPES = YES;
				CLANG_WARN_SUSPICIOUS_MOVE = YES;
				CLANG_WARN_UNGUARDED_AVAILABILITY = YES_AGGRESSIVE;
				CLANG_WARN_UNREACHABLE_CODE = YES;
				CLANG_WARN__DUPLICATE_METHOD_MATCH = YES;
				COPY_PHASE_STRIP = NO;
				DEBUG_INFORMATION_FORMAT = "dwarf-with-dsym";
				ENABLE_NS_ASSERTIONS = NO;
				ENABLE_STRICT_OBJC_MSGSEND = YES;
				GCC_C_LANGUAGE_STANDARD = gnu11;
				GCC_NO_COMMON_BLOCKS = YES;
				GCC_WARN_64_TO_32_BIT_CONVERSION = YES;
				GCC_WARN_ABOUT_RETURN_TYPE = YES_ERROR;
				GCC_WARN_UNDECLARED_SELECTOR = YES;
				GCC_WARN_UNINITIALIZED_AUTOS = YES_AGGRESSIVE;
				GCC_WARN_UNUSED_FUNCTION = YES;
				GCC_WARN_UNUSED_VARIABLE = YES;
				IPHONEOS_DEPLOYMENT_TARGET = 16.2;
				MTL_ENABLE_DEBUG_INFO = NO;
				MTL_FAST_MATH = YES;
				SDKROOT = iphoneos;
				SWIFT_COMPILATION_MODE = wholemodule;
				SWIFT_OPTIMIZATION_LEVEL = "-O";
				VALIDATE_PRODUCT = YES;
			};
			name = Release;
		};
		6821BC0429A380CB00807C50 /* Debug */ = {
			isa = XCBuildConfiguration;
			buildSettings = {
				ASSETCATALOG_COMPILER_APPICON_NAME = AppIcon;
				ASSETCATALOG_COMPILER_GLOBAL_ACCENT_COLOR_NAME = AccentColor;
				CODE_SIGN_STYLE = Automatic;
				CURRENT_PROJECT_VERSION = 1;
				DEVELOPMENT_TEAM = X835WKZUQQ;
				GENERATE_INFOPLIST_FILE = YES;
				INFOPLIST_FILE = AppStore/Info.plist;
				INFOPLIST_KEY_UIApplicationSupportsIndirectInputEvents = YES;
				INFOPLIST_KEY_UILaunchStoryboardName = LaunchScreen;
				INFOPLIST_KEY_UIMainStoryboardFile = Main;
				INFOPLIST_KEY_UISupportedInterfaceOrientations_iPad = "UIInterfaceOrientationPortrait UIInterfaceOrientationPortraitUpsideDown UIInterfaceOrientationLandscapeLeft UIInterfaceOrientationLandscapeRight";
				INFOPLIST_KEY_UISupportedInterfaceOrientations_iPhone = "UIInterfaceOrientationPortrait UIInterfaceOrientationLandscapeLeft UIInterfaceOrientationLandscapeRight";
				LD_RUNPATH_SEARCH_PATHS = (
					"$(inherited)",
					"@executable_path/Frameworks",
				);
				MARKETING_VERSION = 1.0;
				PRODUCT_BUNDLE_IDENTIFIER = "K.K.-Inc.AppStore";
				PRODUCT_NAME = "$(TARGET_NAME)";
				SWIFT_EMIT_LOC_STRINGS = YES;
				SWIFT_VERSION = 5.0;
				TARGETED_DEVICE_FAMILY = "1,2";
			};
			name = Debug;
		};
		6821BC0529A380CB00807C50 /* Release */ = {
			isa = XCBuildConfiguration;
			buildSettings = {
				ASSETCATALOG_COMPILER_APPICON_NAME = AppIcon;
				ASSETCATALOG_COMPILER_GLOBAL_ACCENT_COLOR_NAME = AccentColor;
				CODE_SIGN_STYLE = Automatic;
				CURRENT_PROJECT_VERSION = 1;
				DEVELOPMENT_TEAM = X835WKZUQQ;
				GENERATE_INFOPLIST_FILE = YES;
				INFOPLIST_FILE = AppStore/Info.plist;
				INFOPLIST_KEY_UIApplicationSupportsIndirectInputEvents = YES;
				INFOPLIST_KEY_UILaunchStoryboardName = LaunchScreen;
				INFOPLIST_KEY_UIMainStoryboardFile = Main;
				INFOPLIST_KEY_UISupportedInterfaceOrientations_iPad = "UIInterfaceOrientationPortrait UIInterfaceOrientationPortraitUpsideDown UIInterfaceOrientationLandscapeLeft UIInterfaceOrientationLandscapeRight";
				INFOPLIST_KEY_UISupportedInterfaceOrientations_iPhone = "UIInterfaceOrientationPortrait UIInterfaceOrientationLandscapeLeft UIInterfaceOrientationLandscapeRight";
				LD_RUNPATH_SEARCH_PATHS = (
					"$(inherited)",
					"@executable_path/Frameworks",
				);
				MARKETING_VERSION = 1.0;
				PRODUCT_BUNDLE_IDENTIFIER = "K.K.-Inc.AppStore";
				PRODUCT_NAME = "$(TARGET_NAME)";
				SWIFT_EMIT_LOC_STRINGS = YES;
				SWIFT_VERSION = 5.0;
				TARGETED_DEVICE_FAMILY = "1,2";
			};
			name = Release;
		};
/* End XCBuildConfiguration section */

/* Begin XCConfigurationList section */
		6821BBEA29A380C900807C50 /* Build configuration list for PBXProject "AppStore" */ = {
			isa = XCConfigurationList;
			buildConfigurations = (
				6821BC0129A380CB00807C50 /* Debug */,
				6821BC0229A380CB00807C50 /* Release */,
			);
			defaultConfigurationIsVisible = 0;
			defaultConfigurationName = Release;
		};
		6821BC0329A380CB00807C50 /* Build configuration list for PBXNativeTarget "AppStore" */ = {
			isa = XCConfigurationList;
			buildConfigurations = (
				6821BC0429A380CB00807C50 /* Debug */,
				6821BC0529A380CB00807C50 /* Release */,
			);
			defaultConfigurationIsVisible = 0;
			defaultConfigurationName = Release;
		};
/* End XCConfigurationList section */
	};
	rootObject = 6821BBE729A380C900807C50 /* Project object */;
}
