// !$*UTF8*$!
{
	archiveVersion = 1;
	classes = {
	};
	objectVersion = 56;
	objects = {

/* Begin PBXBuildFile section */
		681A968D29A50BEB0088F194 /* ASBaseCollcetionVC.swift in Sources */ = {isa = PBXBuildFile; fileRef = 681A968C29A50BEB0088F194 /* ASBaseCollcetionVC.swift */; };
		681A968F29A50CD10088F194 /* ASAppsHorizontalVC.swift in Sources */ = {isa = PBXBuildFile; fileRef = 681A968E29A50CD10088F194 /* ASAppsHorizontalVC.swift */; };
		681A969129A50D240088F194 /* ASAppsGroupCell.swift in Sources */ = {isa = PBXBuildFile; fileRef = 681A969029A50D240088F194 /* ASAppsGroupCell.swift */; };
		681A969329A52C250088F194 /* ASAppRowCell.swift in Sources */ = {isa = PBXBuildFile; fileRef = 681A969229A52C250088F194 /* ASAppRowCell.swift */; };
		681A969529A52DCE0088F194 /* Extensions.swift in Sources */ = {isa = PBXBuildFile; fileRef = 681A969429A52DCE0088F194 /* Extensions.swift */; };
		681A969729A534730088F194 /* ASAppsPageHeader.swift in Sources */ = {isa = PBXBuildFile; fileRef = 681A969629A534730088F194 /* ASAppsPageHeader.swift */; };
		681A969929A535130088F194 /* ASAppsHeaderHorizontalController.swift in Sources */ = {isa = PBXBuildFile; fileRef = 681A969829A535130088F194 /* ASAppsHeaderHorizontalController.swift */; };
		681A969B29A535470088F194 /* ASAppsHeaderCell.swift in Sources */ = {isa = PBXBuildFile; fileRef = 681A969A29A535470088F194 /* ASAppsHeaderCell.swift */; };
		681A969F29A6070A0088F194 /* AppGroup.swift in Sources */ = {isa = PBXBuildFile; fileRef = 681A969E29A6070A0088F194 /* AppGroup.swift */; };
		6821BBF329A380C900807C50 /* AppDelegate.swift in Sources */ = {isa = PBXBuildFile; fileRef = 6821BBF229A380C900807C50 /* AppDelegate.swift */; };
		6821BBF529A380C900807C50 /* SceneDelegate.swift in Sources */ = {isa = PBXBuildFile; fileRef = 6821BBF429A380C900807C50 /* SceneDelegate.swift */; };
		6821BBF729A380C900807C50 /* ViewController.swift in Sources */ = {isa = PBXBuildFile; fileRef = 6821BBF629A380C900807C50 /* ViewController.swift */; };
		6821BBFA29A380C900807C50 /* Main.storyboard in Resources */ = {isa = PBXBuildFile; fileRef = 6821BBF829A380C900807C50 /* Main.storyboard */; };
		6821BBFC29A380CB00807C50 /* Assets.xcassets in Resources */ = {isa = PBXBuildFile; fileRef = 6821BBFB29A380CB00807C50 /* Assets.xcassets */; };
		6821BBFF29A380CB00807C50 /* LaunchScreen.storyboard in Resources */ = {isa = PBXBuildFile; fileRef = 6821BBFD29A380CB00807C50 /* LaunchScreen.storyboard */; };
		6821BC0729A3839F00807C50 /* ASTabBarController.swift in Sources */ = {isa = PBXBuildFile; fileRef = 6821BC0629A3839F00807C50 /* ASTabBarController.swift */; };
		6821BC0B29A3869900807C50 /* ASAppsPageVC.swift in Sources */ = {isa = PBXBuildFile; fileRef = 6821BC0A29A3869900807C50 /* ASAppsPageVC.swift */; };
		6821BC0D29A386A300807C50 /* ASSearchVC.swift in Sources */ = {isa = PBXBuildFile; fileRef = 6821BC0C29A386A300807C50 /* ASSearchVC.swift */; };
		6821BC1129A39B5800807C50 /* SearchResutlCell.swift in Sources */ = {isa = PBXBuildFile; fileRef = 6821BC1029A39B5800807C50 /* SearchResutlCell.swift */; };
		6821BC1429A39DDA00807C50 /* VerticalStackView.swift in Sources */ = {isa = PBXBuildFile; fileRef = 6821BC1329A39DDA00807C50 /* VerticalStackView.swift */; };
		6821BC1629A3A6C200807C50 /* UIView+Layout.swift in Sources */ = {isa = PBXBuildFile; fileRef = 6821BC1529A3A6C200807C50 /* UIView+Layout.swift */; };
		6821BC1929A3C80700807C50 /* SearchResult.swift in Sources */ = {isa = PBXBuildFile; fileRef = 6821BC1829A3C80700807C50 /* SearchResult.swift */; };
		6821BC1C29A3C83300807C50 /* NetworkManager.swift in Sources */ = {isa = PBXBuildFile; fileRef = 6821BC1B29A3C83300807C50 /* NetworkManager.swift */; };
		6891CC0929A7AEED00C55BAE /* ASPreviewCell.swift in Sources */ = {isa = PBXBuildFile; fileRef = 6891CC0829A7AEED00C55BAE /* ASPreviewCell.swift */; };
		6891CC0B29A7AF2A00C55BAE /* ASPreviewScreenshotsVC.swift in Sources */ = {isa = PBXBuildFile; fileRef = 6891CC0A29A7AF2A00C55BAE /* ASPreviewScreenshotsVC.swift */; };
		68E2AEF129A8A78E00403541 /* ASTodayVC.swift in Sources */ = {isa = PBXBuildFile; fileRef = 68E2AEF029A8A78E00403541 /* ASTodayVC.swift */; };
		68E2AEF429A8A7C400403541 /* ASTodayCell.swift in Sources */ = {isa = PBXBuildFile; fileRef = 68E2AEF329A8A7C400403541 /* ASTodayCell.swift */; };
		68E5BE2129A6459200B8804C /* SocialApps.swift in Sources */ = {isa = PBXBuildFile; fileRef = 68E5BE2029A6459200B8804C /* SocialApps.swift */; };
		68E5BE2329A6738200B8804C /* HorizontalSnappingVC.swift in Sources */ = {isa = PBXBuildFile; fileRef = 68E5BE2229A6738200B8804C /* HorizontalSnappingVC.swift */; };
		68E5BE2529A673C300B8804C /* BetterSnappingLayout.swift in Sources */ = {isa = PBXBuildFile; fileRef = 68E5BE2429A673C300B8804C /* BetterSnappingLayout.swift */; };
		68E5BE2829A7445900B8804C /* ASAppDetailVC.swift in Sources */ = {isa = PBXBuildFile; fileRef = 68E5BE2729A7445900B8804C /* ASAppDetailVC.swift */; };
		68E5BE2B29A785D200B8804C /* ASAppDetailCell.swift in Sources */ = {isa = PBXBuildFile; fileRef = 68E5BE2A29A785D200B8804C /* ASAppDetailCell.swift */; };
		DAA9601400839A9B21163F85 /* Pods_AppStore.framework in Frameworks */ = {isa = PBXBuildFile; fileRef = 70DEBF9F21D562647D30584E /* Pods_AppStore.framework */; };
/* End PBXBuildFile section */

/* Begin PBXFileReference section */
		681A968C29A50BEB0088F194 /* ASBaseCollcetionVC.swift */ = {isa = PBXFileReference; lastKnownFileType = sourcecode.swift; path = ASBaseCollcetionVC.swift; sourceTree = "<group>"; };
		681A968E29A50CD10088F194 /* ASAppsHorizontalVC.swift */ = {isa = PBXFileReference; lastKnownFileType = sourcecode.swift; path = ASAppsHorizontalVC.swift; sourceTree = "<group>"; };
		681A969029A50D240088F194 /* ASAppsGroupCell.swift */ = {isa = PBXFileReference; lastKnownFileType = sourcecode.swift; path = ASAppsGroupCell.swift; sourceTree = "<group>"; };
		681A969229A52C250088F194 /* ASAppRowCell.swift */ = {isa = PBXFileReference; lastKnownFileType = sourcecode.swift; path = ASAppRowCell.swift; sourceTree = "<group>"; };
		681A969429A52DCE0088F194 /* Extensions.swift */ = {isa = PBXFileReference; lastKnownFileType = sourcecode.swift; path = Extensions.swift; sourceTree = "<group>"; };
		681A969629A534730088F194 /* ASAppsPageHeader.swift */ = {isa = PBXFileReference; lastKnownFileType = sourcecode.swift; path = ASAppsPageHeader.swift; sourceTree = "<group>"; };
		681A969829A535130088F194 /* ASAppsHeaderHorizontalController.swift */ = {isa = PBXFileReference; lastKnownFileType = sourcecode.swift; path = ASAppsHeaderHorizontalController.swift; sourceTree = "<group>"; };
		681A969A29A535470088F194 /* ASAppsHeaderCell.swift */ = {isa = PBXFileReference; lastKnownFileType = sourcecode.swift; path = ASAppsHeaderCell.swift; sourceTree = "<group>"; };
		681A969E29A6070A0088F194 /* AppGroup.swift */ = {isa = PBXFileReference; lastKnownFileType = sourcecode.swift; path = AppGroup.swift; sourceTree = "<group>"; };
		6821BBEF29A380C900807C50 /* AppStore.app */ = {isa = PBXFileReference; explicitFileType = wrapper.application; includeInIndex = 0; path = AppStore.app; sourceTree = BUILT_PRODUCTS_DIR; };
		6821BBF229A380C900807C50 /* AppDelegate.swift */ = {isa = PBXFileReference; lastKnownFileType = sourcecode.swift; path = AppDelegate.swift; sourceTree = "<group>"; };
		6821BBF429A380C900807C50 /* SceneDelegate.swift */ = {isa = PBXFileReference; lastKnownFileType = sourcecode.swift; path = SceneDelegate.swift; sourceTree = "<group>"; };
		6821BBF629A380C900807C50 /* ViewController.swift */ = {isa = PBXFileReference; lastKnownFileType = sourcecode.swift; path = ViewController.swift; sourceTree = "<group>"; };
		6821BBF929A380C900807C50 /* Base */ = {isa = PBXFileReference; lastKnownFileType = file.storyboard; name = Base; path = Base.lproj/Main.storyboard; sourceTree = "<group>"; };
		6821BBFB29A380CB00807C50 /* Assets.xcassets */ = {isa = PBXFileReference; lastKnownFileType = folder.assetcatalog; path = Assets.xcassets; sourceTree = "<group>"; };
		6821BBFE29A380CB00807C50 /* Base */ = {isa = PBXFileReference; lastKnownFileType = file.storyboard; name = Base; path = Base.lproj/LaunchScreen.storyboard; sourceTree = "<group>"; };
		6821BC0029A380CB00807C50 /* Info.plist */ = {isa = PBXFileReference; lastKnownFileType = text.plist.xml; path = Info.plist; sourceTree = "<group>"; };
		6821BC0629A3839F00807C50 /* ASTabBarController.swift */ = {isa = PBXFileReference; lastKnownFileType = sourcecode.swift; path = ASTabBarController.swift; sourceTree = "<group>"; };
		6821BC0A29A3869900807C50 /* ASAppsPageVC.swift */ = {isa = PBXFileReference; lastKnownFileType = sourcecode.swift; path = ASAppsPageVC.swift; sourceTree = "<group>"; };
		6821BC0C29A386A300807C50 /* ASSearchVC.swift */ = {isa = PBXFileReference; lastKnownFileType = sourcecode.swift; path = ASSearchVC.swift; sourceTree = "<group>"; };
		6821BC1029A39B5800807C50 /* SearchResutlCell.swift */ = {isa = PBXFileReference; lastKnownFileType = sourcecode.swift; path = SearchResutlCell.swift; sourceTree = "<group>"; };
		6821BC1329A39DDA00807C50 /* VerticalStackView.swift */ = {isa = PBXFileReference; lastKnownFileType = sourcecode.swift; path = VerticalStackView.swift; sourceTree = "<group>"; };
		6821BC1529A3A6C200807C50 /* UIView+Layout.swift */ = {isa = PBXFileReference; lastKnownFileType = sourcecode.swift; path = "UIView+Layout.swift"; sourceTree = "<group>"; };
		6821BC1829A3C80700807C50 /* SearchResult.swift */ = {isa = PBXFileReference; lastKnownFileType = sourcecode.swift; path = SearchResult.swift; sourceTree = "<group>"; };
		6821BC1B29A3C83300807C50 /* NetworkManager.swift */ = {isa = PBXFileReference; lastKnownFileType = sourcecode.swift; path = NetworkManager.swift; sourceTree = "<group>"; };
		6891CC0829A7AEED00C55BAE /* ASPreviewCell.swift */ = {isa = PBXFileReference; lastKnownFileType = sourcecode.swift; path = ASPreviewCell.swift; sourceTree = "<group>"; };
		6891CC0A29A7AF2A00C55BAE /* ASPreviewScreenshotsVC.swift */ = {isa = PBXFileReference; lastKnownFileType = sourcecode.swift; path = ASPreviewScreenshotsVC.swift; sourceTree = "<group>"; };
		68E2AEF029A8A78E00403541 /* ASTodayVC.swift */ = {isa = PBXFileReference; lastKnownFileType = sourcecode.swift; path = ASTodayVC.swift; sourceTree = "<group>"; };
		68E2AEF329A8A7C400403541 /* ASTodayCell.swift */ = {isa = PBXFileReference; lastKnownFileType = sourcecode.swift; path = ASTodayCell.swift; sourceTree = "<group>"; };
		68E5BE2029A6459200B8804C /* SocialApps.swift */ = {isa = PBXFileReference; lastKnownFileType = sourcecode.swift; path = SocialApps.swift; sourceTree = "<group>"; };
		68E5BE2229A6738200B8804C /* HorizontalSnappingVC.swift */ = {isa = PBXFileReference; lastKnownFileType = sourcecode.swift; path = HorizontalSnappingVC.swift; sourceTree = "<group>"; };
		68E5BE2429A673C300B8804C /* BetterSnappingLayout.swift */ = {isa = PBXFileReference; lastKnownFileType = sourcecode.swift; path = BetterSnappingLayout.swift; sourceTree = "<group>"; };
		68E5BE2729A7445900B8804C /* ASAppDetailVC.swift */ = {isa = PBXFileReference; lastKnownFileType = sourcecode.swift; path = ASAppDetailVC.swift; sourceTree = "<group>"; };
		68E5BE2A29A785D200B8804C /* ASAppDetailCell.swift */ = {isa = PBXFileReference; lastKnownFileType = sourcecode.swift; path = ASAppDetailCell.swift; sourceTree = "<group>"; };
		70DEBF9F21D562647D30584E /* Pods_AppStore.framework */ = {isa = PBXFileReference; explicitFileType = wrapper.framework; includeInIndex = 0; path = Pods_AppStore.framework; sourceTree = BUILT_PRODUCTS_DIR; };
		87C49A1D3B20ADF73BF9420F /* Pods-AppStore.release.xcconfig */ = {isa = PBXFileReference; includeInIndex = 1; lastKnownFileType = text.xcconfig; name = "Pods-AppStore.release.xcconfig"; path = "Target Support Files/Pods-AppStore/Pods-AppStore.release.xcconfig"; sourceTree = "<group>"; };
		9B7E40DAB57F6E61C2D7EA99 /* Pods-AppStore.debug.xcconfig */ = {isa = PBXFileReference; includeInIndex = 1; lastKnownFileType = text.xcconfig; name = "Pods-AppStore.debug.xcconfig"; path = "Target Support Files/Pods-AppStore/Pods-AppStore.debug.xcconfig"; sourceTree = "<group>"; };
/* End PBXFileReference section */

/* Begin PBXFrameworksBuildPhase section */
		6821BBEC29A380C900807C50 /* Frameworks */ = {
			isa = PBXFrameworksBuildPhase;
			buildActionMask = 2147483647;
			files = (
				DAA9601400839A9B21163F85 /* Pods_AppStore.framework in Frameworks */,
			);
			runOnlyForDeploymentPostprocessing = 0;
		};
/* End PBXFrameworksBuildPhase section */

/* Begin PBXGroup section */
		681A969C29A5FAEB0088F194 /* Apps */ = {
			isa = PBXGroup;
			children = (
				6821BC0A29A3869900807C50 /* ASAppsPageVC.swift */,
				681A968E29A50CD10088F194 /* ASAppsHorizontalVC.swift */,
				681A969829A535130088F194 /* ASAppsHeaderHorizontalController.swift */,
			);
			path = Apps;
			sourceTree = "<group>";
		};
		681A969D29A5FB090088F194 /* Apps */ = {
			isa = PBXGroup;
			children = (
				681A969029A50D240088F194 /* ASAppsGroupCell.swift */,
				681A969229A52C250088F194 /* ASAppRowCell.swift */,
				681A969629A534730088F194 /* ASAppsPageHeader.swift */,
				681A969A29A535470088F194 /* ASAppsHeaderCell.swift */,
			);
			path = Apps;
			sourceTree = "<group>";
		};
		6821BBE629A380C900807C50 = {
			isa = PBXGroup;
			children = (
				6821BBF129A380C900807C50 /* AppStore */,
				6821BBF029A380C900807C50 /* Products */,
				781C7E82C0391A8161F9EDCF /* Pods */,
				EE399AFDEAB6FE03FA01A814 /* Frameworks */,
			);
			sourceTree = "<group>";
		};
		6821BBF029A380C900807C50 /* Products */ = {
			isa = PBXGroup;
			children = (
				6821BBEF29A380C900807C50 /* AppStore.app */,
			);
			name = Products;
			sourceTree = "<group>";
		};
		6821BBF129A380C900807C50 /* AppStore */ = {
			isa = PBXGroup;
			children = (
				6821BC1229A39DB400807C50 /* Helpers */,
				6821BC1A29A3C82600807C50 /* Services */,
				6821BC1729A3C7F600807C50 /* Models */,
				6821BC0F29A39B0E00807C50 /* Views */,
				6821BBF629A380C900807C50 /* ViewController.swift */,
				6821BC0E29A39B0000807C50 /* Controllers */,
				68E5BE2C29A7A05E00B8804C /* Misc */,
				6821BC0029A380CB00807C50 /* Info.plist */,
			);
			path = AppStore;
			sourceTree = "<group>";
		};
		6821BC0E29A39B0000807C50 /* Controllers */ = {
			isa = PBXGroup;
			children = (
				68E2AEEF29A8A73000403541 /* Today */,
				68E5BE2629A7443800B8804C /* Details */,
				681A969C29A5FAEB0088F194 /* Apps */,
				6821BC0629A3839F00807C50 /* ASTabBarController.swift */,
				6821BC0C29A386A300807C50 /* ASSearchVC.swift */,
				681A968C29A50BEB0088F194 /* ASBaseCollcetionVC.swift */,
				68E5BE2229A6738200B8804C /* HorizontalSnappingVC.swift */,
			);
			path = Controllers;
			sourceTree = "<group>";
		};
		6821BC0F29A39B0E00807C50 /* Views */ = {
			isa = PBXGroup;
			children = (
				68E2AEF229A8A7B800403541 /* Today */,
				68E5BE2929A785C300B8804C /* Detail */,
				681A969D29A5FB090088F194 /* Apps */,
				6821BC1029A39B5800807C50 /* SearchResutlCell.swift */,
			);
			path = Views;
			sourceTree = "<group>";
		};
		6821BC1229A39DB400807C50 /* Helpers */ = {
			isa = PBXGroup;
			children = (
				6821BC1329A39DDA00807C50 /* VerticalStackView.swift */,
				6821BC1529A3A6C200807C50 /* UIView+Layout.swift */,
				681A969429A52DCE0088F194 /* Extensions.swift */,
				68E5BE2429A673C300B8804C /* BetterSnappingLayout.swift */,
			);
			path = Helpers;
			sourceTree = "<group>";
		};
		6821BC1729A3C7F600807C50 /* Models */ = {
			isa = PBXGroup;
			children = (
				6821BC1829A3C80700807C50 /* SearchResult.swift */,
				681A969E29A6070A0088F194 /* AppGroup.swift */,
				68E5BE2029A6459200B8804C /* SocialApps.swift */,
			);
			path = Models;
			sourceTree = "<group>";
		};
		6821BC1A29A3C82600807C50 /* Services */ = {
			isa = PBXGroup;
			children = (
				6821BC1B29A3C83300807C50 /* NetworkManager.swift */,
			);
			path = Services;
			sourceTree = "<group>";
		};
		68E2AEEF29A8A73000403541 /* Today */ = {
			isa = PBXGroup;
			children = (
				68E2AEF029A8A78E00403541 /* ASTodayVC.swift */,
			);
			path = Today;
			sourceTree = "<group>";
		};
		68E2AEF229A8A7B800403541 /* Today */ = {
			isa = PBXGroup;
			children = (
				68E2AEF329A8A7C400403541 /* ASTodayCell.swift */,
			);
			path = Today;
			sourceTree = "<group>";
		};
		68E5BE2629A7443800B8804C /* Details */ = {
			isa = PBXGroup;
			children = (
				68E5BE2729A7445900B8804C /* ASAppDetailVC.swift */,
				6891CC0A29A7AF2A00C55BAE /* ASPreviewScreenshotsVC.swift */,
			);
			path = Details;
			sourceTree = "<group>";
		};
		68E5BE2929A785C300B8804C /* Detail */ = {
			isa = PBXGroup;
			children = (
				68E5BE2A29A785D200B8804C /* ASAppDetailCell.swift */,
				6891CC0829A7AEED00C55BAE /* ASPreviewCell.swift */,
			);
			path = Detail;
			sourceTree = "<group>";
		};
		68E5BE2C29A7A05E00B8804C /* Misc */ = {
			isa = PBXGroup;
			children = (
				6821BBF829A380C900807C50 /* Main.storyboard */,
				6821BBF229A380C900807C50 /* AppDelegate.swift */,
				6821BBF429A380C900807C50 /* SceneDelegate.swift */,
				6821BBFB29A380CB00807C50 /* Assets.xcassets */,
				6821BBFD29A380CB00807C50 /* LaunchScreen.storyboard */,
			);
			path = Misc;
			sourceTree = "<group>";
		};
		781C7E82C0391A8161F9EDCF /* Pods */ = {
			isa = PBXGroup;
			children = (
				9B7E40DAB57F6E61C2D7EA99 /* Pods-AppStore.debug.xcconfig */,
				87C49A1D3B20ADF73BF9420F /* Pods-AppStore.release.xcconfig */,
			);
			path = Pods;
			sourceTree = "<group>";
		};
		EE399AFDEAB6FE03FA01A814 /* Frameworks */ = {
			isa = PBXGroup;
			children = (
				70DEBF9F21D562647D30584E /* Pods_AppStore.framework */,
			);
			name = Frameworks;
			sourceTree = "<group>";
		};
/* End PBXGroup section */

/* Begin PBXNativeTarget section */
		6821BBEE29A380C900807C50 /* AppStore */ = {
			isa = PBXNativeTarget;
			buildConfigurationList = 6821BC0329A380CB00807C50 /* Build configuration list for PBXNativeTarget "AppStore" */;
			buildPhases = (
				A46803266EA82F7901682FEB /* [CP] Check Pods Manifest.lock */,
				6821BBEB29A380C900807C50 /* Sources */,
				6821BBEC29A380C900807C50 /* Frameworks */,
				6821BBED29A380C900807C50 /* Resources */,
				050E197BFA66484A274450E7 /* [CP] Embed Pods Frameworks */,
			);
			buildRules = (
			);
			dependencies = (
			);
			name = AppStore;
			productName = AppStore;
			productReference = 6821BBEF29A380C900807C50 /* AppStore.app */;
			productType = "com.apple.product-type.application";
		};
/* End PBXNativeTarget section */

/* Begin PBXProject section */
		6821BBE729A380C900807C50 /* Project object */ = {
			isa = PBXProject;
			attributes = {
				BuildIndependentTargetsInParallel = 1;
				LastSwiftUpdateCheck = 1420;
				LastUpgradeCheck = 1420;
				TargetAttributes = {
					6821BBEE29A380C900807C50 = {
						CreatedOnToolsVersion = 14.2;
					};
				};
			};
			buildConfigurationList = 6821BBEA29A380C900807C50 /* Build configuration list for PBXProject "AppStore" */;
			compatibilityVersion = "Xcode 14.0";
			developmentRegion = en;
			hasScannedForEncodings = 0;
			knownRegions = (
				en,
				Base,
			);
			mainGroup = 6821BBE629A380C900807C50;
			productRefGroup = 6821BBF029A380C900807C50 /* Products */;
			projectDirPath = "";
			projectRoot = "";
			targets = (
				6821BBEE29A380C900807C50 /* AppStore */,
			);
		};
/* End PBXProject section */

/* Begin PBXResourcesBuildPhase section */
		6821BBED29A380C900807C50 /* Resources */ = {
			isa = PBXResourcesBuildPhase;
			buildActionMask = 2147483647;
			files = (
				6821BBFF29A380CB00807C50 /* LaunchScreen.storyboard in Resources */,
				6821BBFC29A380CB00807C50 /* Assets.xcassets in Resources */,
				6821BBFA29A380C900807C50 /* Main.storyboard in Resources */,
			);
			runOnlyForDeploymentPostprocessing = 0;
		};
/* End PBXResourcesBuildPhase section */

/* Begin PBXShellScriptBuildPhase section */
		050E197BFA66484A274450E7 /* [CP] Embed Pods Frameworks */ = {
			isa = PBXShellScriptBuildPhase;
			buildActionMask = 2147483647;
			files = (
			);
			inputFileListPaths = (
				"${PODS_ROOT}/Target Support Files/Pods-AppStore/Pods-AppStore-frameworks-${CONFIGURATION}-input-files.xcfilelist",
			);
			name = "[CP] Embed Pods Frameworks";
			outputFileListPaths = (
				"${PODS_ROOT}/Target Support Files/Pods-AppStore/Pods-AppStore-frameworks-${CONFIGURATION}-output-files.xcfilelist",
			);
			runOnlyForDeploymentPostprocessing = 0;
			shellPath = /bin/sh;
			shellScript = "\"${PODS_ROOT}/Target Support Files/Pods-AppStore/Pods-AppStore-frameworks.sh\"\n";
			showEnvVarsInLog = 0;
		};
		A46803266EA82F7901682FEB /* [CP] Check Pods Manifest.lock */ = {
			isa = PBXShellScriptBuildPhase;
			buildActionMask = 2147483647;
			files = (
			);
			inputFileListPaths = (
			);
			inputPaths = (
				"${PODS_PODFILE_DIR_PATH}/Podfile.lock",
				"${PODS_ROOT}/Manifest.lock",
			);
			name = "[CP] Check Pods Manifest.lock";
			outputFileListPaths = (
			);
			outputPaths = (
				"$(DERIVED_FILE_DIR)/Pods-AppStore-checkManifestLockResult.txt",
			);
			runOnlyForDeploymentPostprocessing = 0;
			shellPath = /bin/sh;
			shellScript = "diff \"${PODS_PODFILE_DIR_PATH}/Podfile.lock\" \"${PODS_ROOT}/Manifest.lock\" > /dev/null\nif [ $? != 0 ] ; then\n    # print error to STDERR\n    echo \"error: The sandbox is not in sync with the Podfile.lock. Run 'pod install' or update your CocoaPods installation.\" >&2\n    exit 1\nfi\n# This output is used by Xcode 'outputs' to avoid re-running this script phase.\necho \"SUCCESS\" > \"${SCRIPT_OUTPUT_FILE_0}\"\n";
			showEnvVarsInLog = 0;
		};
/* End PBXShellScriptBuildPhase section */

/* Begin PBXSourcesBuildPhase section */
		6821BBEB29A380C900807C50 /* Sources */ = {
			isa = PBXSourcesBuildPhase;
			buildActionMask = 2147483647;
			files = (
				6821BC1C29A3C83300807C50 /* NetworkManager.swift in Sources */,
				6821BC1929A3C80700807C50 /* SearchResult.swift in Sources */,
				6821BBF729A380C900807C50 /* ViewController.swift in Sources */,
				681A969929A535130088F194 /* ASAppsHeaderHorizontalController.swift in Sources */,
				68E5BE2329A6738200B8804C /* HorizontalSnappingVC.swift in Sources */,
				681A969129A50D240088F194 /* ASAppsGroupCell.swift in Sources */,
				681A968D29A50BEB0088F194 /* ASBaseCollcetionVC.swift in Sources */,
				681A969B29A535470088F194 /* ASAppsHeaderCell.swift in Sources */,
				6821BC1429A39DDA00807C50 /* VerticalStackView.swift in Sources */,
				68E2AEF429A8A7C400403541 /* ASTodayCell.swift in Sources */,
				68E5BE2529A673C300B8804C /* BetterSnappingLayout.swift in Sources */,
				68E5BE2129A6459200B8804C /* SocialApps.swift in Sources */,
				6821BC0D29A386A300807C50 /* ASSearchVC.swift in Sources */,
				681A969729A534730088F194 /* ASAppsPageHeader.swift in Sources */,
				681A969F29A6070A0088F194 /* AppGroup.swift in Sources */,
				6821BC0729A3839F00807C50 /* ASTabBarController.swift in Sources */,
				68E5BE2829A7445900B8804C /* ASAppDetailVC.swift in Sources */,
				68E5BE2B29A785D200B8804C /* ASAppDetailCell.swift in Sources */,
				6821BC1629A3A6C200807C50 /* UIView+Layout.swift in Sources */,
				6821BC0B29A3869900807C50 /* ASAppsPageVC.swift in Sources */,
				681A969329A52C250088F194 /* ASAppRowCell.swift in Sources */,
				68E2AEF129A8A78E00403541 /* ASTodayVC.swift in Sources */,
				6891CC0929A7AEED00C55BAE /* ASPreviewCell.swift in Sources */,
				6821BBF329A380C900807C50 /* AppDelegate.swift in Sources */,
				6821BC1129A39B5800807C50 /* SearchResutlCell.swift in Sources */,
				681A969529A52DCE0088F194 /* Extensions.swift in Sources */,
				681A968F29A50CD10088F194 /* ASAppsHorizontalVC.swift in Sources */,
				6891CC0B29A7AF2A00C55BAE /* ASPreviewScreenshotsVC.swift in Sources */,
				6821BBF529A380C900807C50 /* SceneDelegate.swift in Sources */,
			);
			runOnlyForDeploymentPostprocessing = 0;
		};
/* End PBXSourcesBuildPhase section */

/* Begin PBXVariantGroup section */
		6821BBF829A380C900807C50 /* Main.storyboard */ = {
			isa = PBXVariantGroup;
			children = (
				6821BBF929A380C900807C50 /* Base */,
			);
			name = Main.storyboard;
			sourceTree = "<group>";
		};
		6821BBFD29A380CB00807C50 /* LaunchScreen.storyboard */ = {
			isa = PBXVariantGroup;
			children = (
				6821BBFE29A380CB00807C50 /* Base */,
			);
			name = LaunchScreen.storyboard;
			sourceTree = "<group>";
		};
/* End PBXVariantGroup section */

/* Begin XCBuildConfiguration section */
		6821BC0129A380CB00807C50 /* Debug */ = {
			isa = XCBuildConfiguration;
			buildSettings = {
				ALWAYS_SEARCH_USER_PATHS = NO;
				CLANG_ANALYZER_NONNULL = YES;
				CLANG_ANALYZER_NUMBER_OBJECT_CONVERSION = YES_AGGRESSIVE;
				CLANG_CXX_LANGUAGE_STANDARD = "gnu++20";
				CLANG_ENABLE_MODULES = YES;
				CLANG_ENABLE_OBJC_ARC = YES;
				CLANG_ENABLE_OBJC_WEAK = YES;
				CLANG_WARN_BLOCK_CAPTURE_AUTORELEASING = YES;
				CLANG_WARN_BOOL_CONVERSION = YES;
				CLANG_WARN_COMMA = YES;
				CLANG_WARN_CONSTANT_CONVERSION = YES;
				CLANG_WARN_DEPRECATED_OBJC_IMPLEMENTATIONS = YES;
				CLANG_WARN_DIRECT_OBJC_ISA_USAGE = YES_ERROR;
				CLANG_WARN_DOCUMENTATION_COMMENTS = YES;
				CLANG_WARN_EMPTY_BODY = YES;
				CLANG_WARN_ENUM_CONVERSION = YES;
				CLANG_WARN_INFINITE_RECURSION = YES;
				CLANG_WARN_INT_CONVERSION = YES;
				CLANG_WARN_NON_LITERAL_NULL_CONVERSION = YES;
				CLANG_WARN_OBJC_IMPLICIT_RETAIN_SELF = YES;
				CLANG_WARN_OBJC_LITERAL_CONVERSION = YES;
				CLANG_WARN_OBJC_ROOT_CLASS = YES_ERROR;
				CLANG_WARN_QUOTED_INCLUDE_IN_FRAMEWORK_HEADER = YES;
				CLANG_WARN_RANGE_LOOP_ANALYSIS = YES;
				CLANG_WARN_STRICT_PROTOTYPES = YES;
				CLANG_WARN_SUSPICIOUS_MOVE = YES;
				CLANG_WARN_UNGUARDED_AVAILABILITY = YES_AGGRESSIVE;
				CLANG_WARN_UNREACHABLE_CODE = YES;
				CLANG_WARN__DUPLICATE_METHOD_MATCH = YES;
				COPY_PHASE_STRIP = NO;
				DEBUG_INFORMATION_FORMAT = dwarf;
				ENABLE_STRICT_OBJC_MSGSEND = YES;
				ENABLE_TESTABILITY = YES;
				GCC_C_LANGUAGE_STANDARD = gnu11;
				GCC_DYNAMIC_NO_PIC = NO;
				GCC_NO_COMMON_BLOCKS = YES;
				GCC_OPTIMIZATION_LEVEL = 0;
				GCC_PREPROCESSOR_DEFINITIONS = (
					"DEBUG=1",
					"$(inherited)",
				);
				GCC_WARN_64_TO_32_BIT_CONVERSION = YES;
				GCC_WARN_ABOUT_RETURN_TYPE = YES_ERROR;
				GCC_WARN_UNDECLARED_SELECTOR = YES;
				GCC_WARN_UNINITIALIZED_AUTOS = YES_AGGRESSIVE;
				GCC_WARN_UNUSED_FUNCTION = YES;
				GCC_WARN_UNUSED_VARIABLE = YES;
				IPHONEOS_DEPLOYMENT_TARGET = 16.2;
				MTL_ENABLE_DEBUG_INFO = INCLUDE_SOURCE;
				MTL_FAST_MATH = YES;
				ONLY_ACTIVE_ARCH = YES;
				SDKROOT = iphoneos;
				SWIFT_ACTIVE_COMPILATION_CONDITIONS = DEBUG;
				SWIFT_OPTIMIZATION_LEVEL = "-Onone";
			};
			name = Debug;
		};
		6821BC0229A380CB00807C50 /* Release */ = {
			isa = XCBuildConfiguration;
			buildSettings = {
				ALWAYS_SEARCH_USER_PATHS = NO;
				CLANG_ANALYZER_NONNULL = YES;
				CLANG_ANALYZER_NUMBER_OBJECT_CONVERSION = YES_AGGRESSIVE;
				CLANG_CXX_LANGUAGE_STANDARD = "gnu++20";
				CLANG_ENABLE_MODULES = YES;
				CLANG_ENABLE_OBJC_ARC = YES;
				CLANG_ENABLE_OBJC_WEAK = YES;
				CLANG_WARN_BLOCK_CAPTURE_AUTORELEASING = YES;
				CLANG_WARN_BOOL_CONVERSION = YES;
				CLANG_WARN_COMMA = YES;
				CLANG_WARN_CONSTANT_CONVERSION = YES;
				CLANG_WARN_DEPRECATED_OBJC_IMPLEMENTATIONS = YES;
				CLANG_WARN_DIRECT_OBJC_ISA_USAGE = YES_ERROR;
				CLANG_WARN_DOCUMENTATION_COMMENTS = YES;
				CLANG_WARN_EMPTY_BODY = YES;
				CLANG_WARN_ENUM_CONVERSION = YES;
				CLANG_WARN_INFINITE_RECURSION = YES;
				CLANG_WARN_INT_CONVERSION = YES;
				CLANG_WARN_NON_LITERAL_NULL_CONVERSION = YES;
				CLANG_WARN_OBJC_IMPLICIT_RETAIN_SELF = YES;
				CLANG_WARN_OBJC_LITERAL_CONVERSION = YES;
				CLANG_WARN_OBJC_ROOT_CLASS = YES_ERROR;
				CLANG_WARN_QUOTED_INCLUDE_IN_FRAMEWORK_HEADER = YES;
				CLANG_WARN_RANGE_LOOP_ANALYSIS = YES;
				CLANG_WARN_STRICT_PROTOTYPES = YES;
				CLANG_WARN_SUSPICIOUS_MOVE = YES;
				CLANG_WARN_UNGUARDED_AVAILABILITY = YES_AGGRESSIVE;
				CLANG_WARN_UNREACHABLE_CODE = YES;
				CLANG_WARN__DUPLICATE_METHOD_MATCH = YES;
				COPY_PHASE_STRIP = NO;
				DEBUG_INFORMATION_FORMAT = "dwarf-with-dsym";
				ENABLE_NS_ASSERTIONS = NO;
				ENABLE_STRICT_OBJC_MSGSEND = YES;
				GCC_C_LANGUAGE_STANDARD = gnu11;
				GCC_NO_COMMON_BLOCKS = YES;
				GCC_WARN_64_TO_32_BIT_CONVERSION = YES;
				GCC_WARN_ABOUT_RETURN_TYPE = YES_ERROR;
				GCC_WARN_UNDECLARED_SELECTOR = YES;
				GCC_WARN_UNINITIALIZED_AUTOS = YES_AGGRESSIVE;
				GCC_WARN_UNUSED_FUNCTION = YES;
				GCC_WARN_UNUSED_VARIABLE = YES;
				IPHONEOS_DEPLOYMENT_TARGET = 16.2;
				MTL_ENABLE_DEBUG_INFO = NO;
				MTL_FAST_MATH = YES;
				SDKROOT = iphoneos;
				SWIFT_COMPILATION_MODE = wholemodule;
				SWIFT_OPTIMIZATION_LEVEL = "-O";
				VALIDATE_PRODUCT = YES;
			};
			name = Release;
		};
		6821BC0429A380CB00807C50 /* Debug */ = {
			isa = XCBuildConfiguration;
			baseConfigurationReference = 9B7E40DAB57F6E61C2D7EA99 /* Pods-AppStore.debug.xcconfig */;
			buildSettings = {
				ASSETCATALOG_COMPILER_APPICON_NAME = AppIcon;
				ASSETCATALOG_COMPILER_GLOBAL_ACCENT_COLOR_NAME = AccentColor;
				CODE_SIGN_STYLE = Automatic;
				CURRENT_PROJECT_VERSION = 1;
				DEVELOPMENT_TEAM = X835WKZUQQ;
				GENERATE_INFOPLIST_FILE = YES;
				INFOPLIST_FILE = AppStore/Info.plist;
				INFOPLIST_KEY_UIApplicationSupportsIndirectInputEvents = YES;
				INFOPLIST_KEY_UILaunchStoryboardName = LaunchScreen;
				INFOPLIST_KEY_UIMainStoryboardFile = Main;
				INFOPLIST_KEY_UISupportedInterfaceOrientations_iPad = "UIInterfaceOrientationPortrait UIInterfaceOrientationPortraitUpsideDown UIInterfaceOrientationLandscapeLeft UIInterfaceOrientationLandscapeRight";
				INFOPLIST_KEY_UISupportedInterfaceOrientations_iPhone = "UIInterfaceOrientationPortrait UIInterfaceOrientationLandscapeLeft UIInterfaceOrientationLandscapeRight";
				LD_RUNPATH_SEARCH_PATHS = (
					"$(inherited)",
					"@executable_path/Frameworks",
				);
				MARKETING_VERSION = 1.0;
				PRODUCT_BUNDLE_IDENTIFIER = "K.K.-Inc.AppStore";
				PRODUCT_NAME = "$(TARGET_NAME)";
				SWIFT_EMIT_LOC_STRINGS = YES;
				SWIFT_VERSION = 5.0;
				TARGETED_DEVICE_FAMILY = "1,2";
			};
			name = Debug;
		};
		6821BC0529A380CB00807C50 /* Release */ = {
			isa = XCBuildConfiguration;
			baseConfigurationReference = 87C49A1D3B20ADF73BF9420F /* Pods-AppStore.release.xcconfig */;
			buildSettings = {
				ASSETCATALOG_COMPILER_APPICON_NAME = AppIcon;
				ASSETCATALOG_COMPILER_GLOBAL_ACCENT_COLOR_NAME = AccentColor;
				CODE_SIGN_STYLE = Automatic;
				CURRENT_PROJECT_VERSION = 1;
				DEVELOPMENT_TEAM = X835WKZUQQ;
				GENERATE_INFOPLIST_FILE = YES;
				INFOPLIST_FILE = AppStore/Info.plist;
				INFOPLIST_KEY_UIApplicationSupportsIndirectInputEvents = YES;
				INFOPLIST_KEY_UILaunchStoryboardName = LaunchScreen;
				INFOPLIST_KEY_UIMainStoryboardFile = Main;
				INFOPLIST_KEY_UISupportedInterfaceOrientations_iPad = "UIInterfaceOrientationPortrait UIInterfaceOrientationPortraitUpsideDown UIInterfaceOrientationLandscapeLeft UIInterfaceOrientationLandscapeRight";
				INFOPLIST_KEY_UISupportedInterfaceOrientations_iPhone = "UIInterfaceOrientationPortrait UIInterfaceOrientationLandscapeLeft UIInterfaceOrientationLandscapeRight";
				LD_RUNPATH_SEARCH_PATHS = (
					"$(inherited)",
					"@executable_path/Frameworks",
				);
				MARKETING_VERSION = 1.0;
				PRODUCT_BUNDLE_IDENTIFIER = "K.K.-Inc.AppStore";
				PRODUCT_NAME = "$(TARGET_NAME)";
				SWIFT_EMIT_LOC_STRINGS = YES;
				SWIFT_VERSION = 5.0;
				TARGETED_DEVICE_FAMILY = "1,2";
			};
			name = Release;
		};
/* End XCBuildConfiguration section */

/* Begin XCConfigurationList section */
		6821BBEA29A380C900807C50 /* Build configuration list for PBXProject "AppStore" */ = {
			isa = XCConfigurationList;
			buildConfigurations = (
				6821BC0129A380CB00807C50 /* Debug */,
				6821BC0229A380CB00807C50 /* Release */,
			);
			defaultConfigurationIsVisible = 0;
			defaultConfigurationName = Release;
		};
		6821BC0329A380CB00807C50 /* Build configuration list for PBXNativeTarget "AppStore" */ = {
			isa = XCConfigurationList;
			buildConfigurations = (
				6821BC0429A380CB00807C50 /* Debug */,
				6821BC0529A380CB00807C50 /* Release */,
			);
			defaultConfigurationIsVisible = 0;
			defaultConfigurationName = Release;
		};
/* End XCConfigurationList section */
	};
	rootObject = 6821BBE729A380C900807C50 /* Project object */;
}
